
Microsoft Visual Studio Solution File, Format Version 12.00
# Visual Studio Version 17
VisualStudioVersion = 17.4.33122.133
MinimumVisualStudioVersion = 10.0.40219.1
Project("{FAE04EC0-301F-11D3-BF4B-00C04F79EFBC}") = "ProjetoPilha", "ProjetoPilha.csproj", "{1EA862BD-25DB-49E3-83B0-B8ADB1ED4197}"
EndProject
Global
	GlobalSection(SolutionConfigurationPlatforms) = preSolution
		Debug|Any CPU = Debug|Any CPU
		Release|Any CPU = Release|Any CPU
	EndGlobalSection
	GlobalSection(ProjectConfigurationPlatforms) = postSolution
		{1EA862BD-25DB-49E3-83B0-B8ADB1ED4197}.Debug|Any CPU.ActiveCfg = Debug|Any CPU
		{1EA862BD-25DB-49E3-83B0-B8ADB1ED4197}.Debug|Any CPU.Build.0 = Debug|Any CPU
		{1EA862BD-25DB-49E3-83B0-B8ADB1ED4197}.Release|Any CPU.ActiveCfg = Release|Any CPU
		{1EA862BD-25DB-49E3-83B0-B8ADB1ED4197}.Release|Any CPU.Build.0 = Release|Any CPU
	EndGlobalSection
	GlobalSection(SolutionProperties) = preSolution
		HideSolutionNode = FALSE
	EndGlobalSection
	GlobalSection(ExtensibilityGlobals) = postSolution
		SolutionGuid = {59A8A1C6-2A7C-4038-968D-530E04439074}
	EndGlobalSection
EndGlobal
